
Microsoft Visual Studio Solution File, Format Version 12.00
# Visual Studio Version 16
VisualStudioVersion = 16.0.30320.27
MinimumVisualStudioVersion = 10.0.40219.1
Project("{FAE04EC0-301F-11D3-BF4B-00C04F79EFBC}") = "MicrophoneMuter", "MicrophoneMuter\MicrophoneMuter.csproj", "{0CD7722A-B051-49A5-84A2-819AF5E88CF3}"
EndProject
Global
	GlobalSection(SolutionConfigurationPlatforms) = preSolution
		Debug|Any CPU = Debug|Any CPU
		Release|Any CPU = Release|Any CPU
	EndGlobalSection
	GlobalSection(ProjectConfigurationPlatforms) = postSolution
		{0CD7722A-B051-49A5-84A2-819AF5E88CF3}.Debug|Any CPU.ActiveCfg = Debug|Any CPU
		{0CD7722A-B051-49A5-84A2-819AF5E88CF3}.Debug|Any CPU.Build.0 = Debug|Any CPU
		{0CD7722A-B051-49A5-84A2-819AF5E88CF3}.Release|Any CPU.ActiveCfg = Release|Any CPU
		{0CD7722A-B051-49A5-84A2-819AF5E88CF3}.Release|Any CPU.Build.0 = Release|Any CPU
	EndGlobalSection
	GlobalSection(SolutionProperties) = preSolution
		HideSolutionNode = FALSE
	EndGlobalSection
	GlobalSection(ExtensibilityGlobals) = postSolution
		SolutionGuid = {4C3B585A-F9D7-4058-92C6-3CB8022569AB}
	EndGlobalSection
EndGlobal
